// !$*UTF8*$!
{
	archiveVersion = 1;
	classes = {
	};
	objectVersion = 46;
	objects = {

/* Begin PBXBuildFile section */
		D509825E1CB950EA007D0416 /* DataService.swift in Sources */ = {isa = PBXBuildFile; fileRef = D509825D1CB950EA007D0416 /* DataService.swift */; };
		D5649EE11CB410220070CBCF /* AppDelegate.swift in Sources */ = {isa = PBXBuildFile; fileRef = D5649EE01CB410220070CBCF /* AppDelegate.swift */; };
		D5649EE31CB410220070CBCF /* ViewController.swift in Sources */ = {isa = PBXBuildFile; fileRef = D5649EE21CB410220070CBCF /* ViewController.swift */; };
		D5649EE61CB410220070CBCF /* Main.storyboard in Resources */ = {isa = PBXBuildFile; fileRef = D5649EE41CB410220070CBCF /* Main.storyboard */; };
		D5649EE81CB410220070CBCF /* Assets.xcassets in Resources */ = {isa = PBXBuildFile; fileRef = D5649EE71CB410220070CBCF /* Assets.xcassets */; };
		D5649EEB1CB410220070CBCF /* LaunchScreen.storyboard in Resources */ = {isa = PBXBuildFile; fileRef = D5649EE91CB410220070CBCF /* LaunchScreen.storyboard */; };
		D5649EF41CB410790070CBCF /* Post.swift in Sources */ = {isa = PBXBuildFile; fileRef = D5649EF31CB410790070CBCF /* Post.swift */; };
		D5649EF91CB41B450070CBCF /* PostCell.swift in Sources */ = {isa = PBXBuildFile; fileRef = D5649EF81CB41B450070CBCF /* PostCell.swift */; };
		D56699241CB944F200B32357 /* AddPostVC.swift in Sources */ = {isa = PBXBuildFile; fileRef = D56699231CB944F200B32357 /* AddPostVC.swift */; };
/* End PBXBuildFile section */

/* Begin PBXFileReference section */
		D509825D1CB950EA007D0416 /* DataService.swift */ = {isa = PBXFileReference; fileEncoding = 4; lastKnownFileType = sourcecode.swift; path = DataService.swift; sourceTree = "<group>"; };
		D5649EDD1CB410220070CBCF /* MyHood.app */ = {isa = PBXFileReference; explicitFileType = wrapper.application; includeInIndex = 0; path = MyHood.app; sourceTree = BUILT_PRODUCTS_DIR; };
		D5649EE01CB410220070CBCF /* AppDelegate.swift */ = {isa = PBXFileReference; lastKnownFileType = sourcecode.swift; path = AppDelegate.swift; sourceTree = "<group>"; };
		D5649EE21CB410220070CBCF /* ViewController.swift */ = {isa = PBXFileReference; lastKnownFileType = sourcecode.swift; path = ViewController.swift; sourceTree = "<group>"; };
		D5649EE51CB410220070CBCF /* Base */ = {isa = PBXFileReference; lastKnownFileType = file.storyboard; name = Base; path = Base.lproj/Main.storyboard; sourceTree = "<group>"; };
		D5649EE71CB410220070CBCF /* Assets.xcassets */ = {isa = PBXFileReference; lastKnownFileType = folder.assetcatalog; path = Assets.xcassets; sourceTree = "<group>"; };
		D5649EEA1CB410220070CBCF /* Base */ = {isa = PBXFileReference; lastKnownFileType = file.storyboard; name = Base; path = Base.lproj/LaunchScreen.storyboard; sourceTree = "<group>"; };
		D5649EEC1CB410220070CBCF /* Info.plist */ = {isa = PBXFileReference; lastKnownFileType = text.plist.xml; path = Info.plist; sourceTree = "<group>"; };
		D5649EF31CB410790070CBCF /* Post.swift */ = {isa = PBXFileReference; fileEncoding = 4; lastKnownFileType = sourcecode.swift; path = Post.swift; sourceTree = "<group>"; };
		D5649EF81CB41B450070CBCF /* PostCell.swift */ = {isa = PBXFileReference; fileEncoding = 4; lastKnownFileType = sourcecode.swift; path = PostCell.swift; sourceTree = "<group>"; };
		D56699231CB944F200B32357 /* AddPostVC.swift */ = {isa = PBXFileReference; fileEncoding = 4; lastKnownFileType = sourcecode.swift; path = AddPostVC.swift; sourceTree = "<group>"; };
/* End PBXFileReference section */

/* Begin PBXFrameworksBuildPhase section */
		D5649EDA1CB410220070CBCF /* Frameworks */ = {
			isa = PBXFrameworksBuildPhase;
			buildActionMask = 2147483647;
			files = (
			);
			runOnlyForDeploymentPostprocessing = 0;
		};
/* End PBXFrameworksBuildPhase section */

/* Begin PBXGroup section */
		D509825C1CB950CF007D0416 /* Services */ = {
			isa = PBXGroup;
			children = (
				D509825D1CB950EA007D0416 /* DataService.swift */,
			);
			name = Services;
			sourceTree = "<group>";
		};
		D5649ED41CB410220070CBCF = {
			isa = PBXGroup;
			children = (
				D5649EDF1CB410220070CBCF /* my-hood-luxio */,
				D5649EDE1CB410220070CBCF /* Products */,
			);
			sourceTree = "<group>";
		};
		D5649EDE1CB410220070CBCF /* Products */ = {
			isa = PBXGroup;
			children = (
				D5649EDD1CB410220070CBCF /* MyHood.app */,
			);
			name = Products;
			sourceTree = "<group>";
		};
		D5649EDF1CB410220070CBCF /* my-hood-luxio */ = {
			isa = PBXGroup;
			children = (
				D509825C1CB950CF007D0416 /* Services */,
				D56699221CB944BA00B32357 /* Controller */,
				D5649EF51CB41AE00070CBCF /* View */,
				D5649EF21CB410660070CBCF /* Model */,
				D5649EE01CB410220070CBCF /* AppDelegate.swift */,
				D5649EE71CB410220070CBCF /* Assets.xcassets */,
				D5649EE91CB410220070CBCF /* LaunchScreen.storyboard */,
				D5649EEC1CB410220070CBCF /* Info.plist */,
			);
			path = "my-hood-luxio";
			sourceTree = "<group>";
		};
		D5649EF21CB410660070CBCF /* Model */ = {
			isa = PBXGroup;
			children = (
				D5649EF31CB410790070CBCF /* Post.swift */,
			);
			name = Model;
			sourceTree = "<group>";
		};
		D5649EF51CB41AE00070CBCF /* View */ = {
			isa = PBXGroup;
			children = (
				D5649EE41CB410220070CBCF /* Main.storyboard */,
				D5649EF81CB41B450070CBCF /* PostCell.swift */,
			);
			name = View;
			sourceTree = "<group>";
		};
		D56699221CB944BA00B32357 /* Controller */ = {
			isa = PBXGroup;
			children = (
				D5649EE21CB410220070CBCF /* ViewController.swift */,
				D56699231CB944F200B32357 /* AddPostVC.swift */,
			);
			name = Controller;
			sourceTree = "<group>";
		};
/* End PBXGroup section */

/* Begin PBXNativeTarget section */
		D5649EDC1CB410220070CBCF /* MyHood */ = {
			isa = PBXNativeTarget;
			buildConfigurationList = D5649EEF1CB410220070CBCF /* Build configuration list for PBXNativeTarget "MyHood" */;
			buildPhases = (
				D5649ED91CB410220070CBCF /* Sources */,
				D5649EDA1CB410220070CBCF /* Frameworks */,
				D5649EDB1CB410220070CBCF /* Resources */,
			);
			buildRules = (
			);
			dependencies = (
			);
			name = MyHood;
			productName = "my-hood-luxio";
			productReference = D5649EDD1CB410220070CBCF /* MyHood.app */;
			productType = "com.apple.product-type.application";
		};
/* End PBXNativeTarget section */

/* Begin PBXProject section */
		D5649ED51CB410220070CBCF /* Project object */ = {
			isa = PBXProject;
			attributes = {
				LastSwiftUpdateCheck = 0730;
				LastUpgradeCheck = 0730;
				ORGANIZATIONNAME = "LUXio IT-Solutions";
				TargetAttributes = {
					D5649EDC1CB410220070CBCF = {
						CreatedOnToolsVersion = 7.3;
					};
				};
			};
			buildConfigurationList = D5649ED81CB410220070CBCF /* Build configuration list for PBXProject "MyHood" */;
			compatibilityVersion = "Xcode 3.2";
			developmentRegion = English;
			hasScannedForEncodings = 0;
			knownRegions = (
				en,
				Base,
			);
			mainGroup = D5649ED41CB410220070CBCF;
			productRefGroup = D5649EDE1CB410220070CBCF /* Products */;
			projectDirPath = "";
			projectRoot = "";
			targets = (
				D5649EDC1CB410220070CBCF /* MyHood */,
			);
		};
/* End PBXProject section */

/* Begin PBXResourcesBuildPhase section */
		D5649EDB1CB410220070CBCF /* Resources */ = {
			isa = PBXResourcesBuildPhase;
			buildActionMask = 2147483647;
			files = (
				D5649EEB1CB410220070CBCF /* LaunchScreen.storyboard in Resources */,
				D5649EE81CB410220070CBCF /* Assets.xcassets in Resources */,
				D5649EE61CB410220070CBCF /* Main.storyboard in Resources */,
			);
			runOnlyForDeploymentPostprocessing = 0;
		};
/* End PBXResourcesBuildPhase section */

/* Begin PBXSourcesBuildPhase section */
		D5649ED91CB410220070CBCF /* Sources */ = {
			isa = PBXSourcesBuildPhase;
			buildActionMask = 2147483647;
			files = (
				D5649EF41CB410790070CBCF /* Post.swift in Sources */,
				D5649EE31CB410220070CBCF /* ViewController.swift in Sources */,
				D56699241CB944F200B32357 /* AddPostVC.swift in Sources */,
				D509825E1CB950EA007D0416 /* DataService.swift in Sources */,
				D5649EE11CB410220070CBCF /* AppDelegate.swift in Sources */,
				D5649EF91CB41B450070CBCF /* PostCell.swift in Sources */,
			);
			runOnlyForDeploymentPostprocessing = 0;
		};
/* End PBXSourcesBuildPhase section */

/* Begin PBXVariantGroup section */
		D5649EE41CB410220070CBCF /* Main.storyboard */ = {
			isa = PBXVariantGroup;
			children = (
				D5649EE51CB410220070CBCF /* Base */,
			);
			name = Main.storyboard;
			sourceTree = "<group>";
		};
		D5649EE91CB410220070CBCF /* LaunchScreen.storyboard */ = {
			isa = PBXVariantGroup;
			children = (
				D5649EEA1CB410220070CBCF /* Base */,
			);
			name = LaunchScreen.storyboard;
			sourceTree = "<group>";
		};
/* End PBXVariantGroup section */

/* Begin XCBuildConfiguration section */
		D5649EED1CB410220070CBCF /* Debug */ = {
			isa = XCBuildConfiguration;
			buildSettings = {
				ALWAYS_SEARCH_USER_PATHS = NO;
				CLANG_ANALYZER_NONNULL = YES;
				CLANG_CXX_LANGUAGE_STANDARD = "gnu++0x";
				CLANG_CXX_LIBRARY = "libc++";
				CLANG_ENABLE_MODULES = YES;
				CLANG_ENABLE_OBJC_ARC = YES;
				CLANG_WARN_BOOL_CONVERSION = YES;
				CLANG_WARN_CONSTANT_CONVERSION = YES;
				CLANG_WARN_DIRECT_OBJC_ISA_USAGE = YES_ERROR;
				CLANG_WARN_EMPTY_BODY = YES;
				CLANG_WARN_ENUM_CONVERSION = YES;
				CLANG_WARN_INT_CONVERSION = YES;
				CLANG_WARN_OBJC_ROOT_CLASS = YES_ERROR;
				CLANG_WARN_UNREACHABLE_CODE = YES;
				CLANG_WARN__DUPLICATE_METHOD_MATCH = YES;
				"CODE_SIGN_IDENTITY[sdk=iphoneos*]" = "iPhone Developer";
				COPY_PHASE_STRIP = NO;
				DEBUG_INFORMATION_FORMAT = dwarf;
				ENABLE_STRICT_OBJC_MSGSEND = YES;
				ENABLE_TESTABILITY = YES;
				GCC_C_LANGUAGE_STANDARD = gnu99;
				GCC_DYNAMIC_NO_PIC = NO;
				GCC_NO_COMMON_BLOCKS = YES;
				GCC_OPTIMIZATION_LEVEL = 0;
				GCC_PREPROCESSOR_DEFINITIONS = (
					"DEBUG=1",
					"$(inherited)",
				);
				GCC_WARN_64_TO_32_BIT_CONVERSION = YES;
				GCC_WARN_ABOUT_RETURN_TYPE = YES_ERROR;
				GCC_WARN_UNDECLARED_SELECTOR = YES;
				GCC_WARN_UNINITIALIZED_AUTOS = YES_AGGRESSIVE;
				GCC_WARN_UNUSED_FUNCTION = YES;
				GCC_WARN_UNUSED_VARIABLE = YES;
				IPHONEOS_DEPLOYMENT_TARGET = 9.3;
				MTL_ENABLE_DEBUG_INFO = YES;
				ONLY_ACTIVE_ARCH = YES;
				SDKROOT = iphoneos;
				SWIFT_OPTIMIZATION_LEVEL = "-Onone";
				TARGETED_DEVICE_FAMILY = "1,2";
			};
			name = Debug;
		};
		D5649EEE1CB410220070CBCF /* Release */ = {
			isa = XCBuildConfiguration;
			buildSettings = {
				ALWAYS_SEARCH_USER_PATHS = NO;
				CLANG_ANALYZER_NONNULL = YES;
				CLANG_CXX_LANGUAGE_STANDARD = "gnu++0x";
				CLANG_CXX_LIBRARY = "libc++";
				CLANG_ENABLE_MODULES = YES;
				CLANG_ENABLE_OBJC_ARC = YES;
				CLANG_WARN_BOOL_CONVERSION = YES;
				CLANG_WARN_CONSTANT_CONVERSION = YES;
				CLANG_WARN_DIRECT_OBJC_ISA_USAGE = YES_ERROR;
				CLANG_WARN_EMPTY_BODY = YES;
				CLANG_WARN_ENUM_CONVERSION = YES;
				CLANG_WARN_INT_CONVERSION = YES;
				CLANG_WARN_OBJC_ROOT_CLASS = YES_ERROR;
				CLANG_WARN_UNREACHABLE_CODE = YES;
				CLANG_WARN__DUPLICATE_METHOD_MATCH = YES;
				"CODE_SIGN_IDENTITY[sdk=iphoneos*]" = "iPhone Developer";
				COPY_PHASE_STRIP = NO;
				DEBUG_INFORMATION_FORMAT = "dwarf-with-dsym";
				ENABLE_NS_ASSERTIONS = NO;
				ENABLE_STRICT_OBJC_MSGSEND = YES;
				GCC_C_LANGUAGE_STANDARD = gnu99;
				GCC_NO_COMMON_BLOCKS = YES;
				GCC_WARN_64_TO_32_BIT_CONVERSION = YES;
				GCC_WARN_ABOUT_RETURN_TYPE = YES_ERROR;
				GCC_WARN_UNDECLARED_SELECTOR = YES;
				GCC_WARN_UNINITIALIZED_AUTOS = YES_AGGRESSIVE;
				GCC_WARN_UNUSED_FUNCTION = YES;
				GCC_WARN_UNUSED_VARIABLE = YES;
				IPHONEOS_DEPLOYMENT_TARGET = 9.3;
				MTL_ENABLE_DEBUG_INFO = NO;
				SDKROOT = iphoneos;
				TARGETED_DEVICE_FAMILY = "1,2";
				VALIDATE_PRODUCT = YES;
			};
			name = Release;
		};
		D5649EF01CB410220070CBCF /* Debug */ = {
			isa = XCBuildConfiguration;
			buildSettings = {
				ASSETCATALOG_COMPILER_APPICON_NAME = AppIcon;
				INFOPLIST_FILE = "my-hood-luxio/Info.plist";
				LD_RUNPATH_SEARCH_PATHS = "$(inherited) @executable_path/Frameworks";
				PRODUCT_BUNDLE_IDENTIFIER = "io.lux.my-hood-luxio";
				PRODUCT_NAME = MyHood;
			};
			name = Debug;
		};
		D5649EF11CB410220070CBCF /* Release */ = {
			isa = XCBuildConfiguration;
			buildSettings = {
				ASSETCATALOG_COMPILER_APPICON_NAME = AppIcon;
				INFOPLIST_FILE = "my-hood-luxio/Info.plist";
				LD_RUNPATH_SEARCH_PATHS = "$(inherited) @executable_path/Frameworks";
				PRODUCT_BUNDLE_IDENTIFIER = "io.lux.my-hood-luxio";
				PRODUCT_NAME = MyHood;
			};
			name = Release;
		};
/* End XCBuildConfiguration section */

/* Begin XCConfigurationList section */
		D5649ED81CB410220070CBCF /* Build configuration list for PBXProject "MyHood" */ = {
			isa = XCConfigurationList;
			buildConfigurations = (
				D5649EED1CB410220070CBCF /* Debug */,
				D5649EEE1CB410220070CBCF /* Release */,
			);
			defaultConfigurationIsVisible = 0;
			defaultConfigurationName = Release;
		};
		D5649EEF1CB410220070CBCF /* Build configuration list for PBXNativeTarget "MyHood" */ = {
			isa = XCConfigurationList;
			buildConfigurations = (
				D5649EF01CB410220070CBCF /* Debug */,
				D5649EF11CB410220070CBCF /* Release */,
			);
			defaultConfigurationIsVisible = 0;
			defaultConfigurationName = Release;
		};
/* End XCConfigurationList section */
	};
	rootObject = D5649ED51CB410220070CBCF /* Project object */;
}
